
Microsoft Visual Studio Solution File, Format Version 12.00
# Visual Studio Version 16
VisualStudioVersion = 16.0.31702.278
MinimumVisualStudioVersion = 10.0.40219.1
Project("{FAE04EC0-301F-11D3-BF4B-00C04F79EFBC}") = "Unit03", "Unit03\Unit03.csproj", "{23C81E31-D34B-4F61-B30D-FC89DEB02984}"
EndProject
Global
	GlobalSection(SolutionConfigurationPlatforms) = preSolution
		Debug|Any CPU = Debug|Any CPU
		Release|Any CPU = Release|Any CPU
	EndGlobalSection
	GlobalSection(ProjectConfigurationPlatforms) = postSolution
		{23C81E31-D34B-4F61-B30D-FC89DEB02984}.Debug|Any CPU.ActiveCfg = Debug|Any CPU
		{23C81E31-D34B-4F61-B30D-FC89DEB02984}.Debug|Any CPU.Build.0 = Debug|Any CPU
		{23C81E31-D34B-4F61-B30D-FC89DEB02984}.Release|Any CPU.ActiveCfg = Release|Any CPU
		{23C81E31-D34B-4F61-B30D-FC89DEB02984}.Release|Any CPU.Build.0 = Release|Any CPU
	EndGlobalSection
	GlobalSection(SolutionProperties) = preSolution
		HideSolutionNode = FALSE
	EndGlobalSection
	GlobalSection(ExtensibilityGlobals) = postSolution
		SolutionGuid = {B4729239-55EA-4B98-A110-28AEAF8E7289}
	EndGlobalSection
EndGlobal
